
Microsoft Visual Studio Solution File, Format Version 12.00
# Visual Studio Version 16
VisualStudioVersion = 16.0.29324.140
MinimumVisualStudioVersion = 10.0.40219.1
Project("{FAE04EC0-301F-11D3-BF4B-00C04F79EFBC}") = "CheapFlights", "CheapFlights\CheapFlights.csproj", "{E8E7FFD0-0EA8-4E23-818F-5BB9442A5ECF}"
EndProject
Global
	GlobalSection(SolutionConfigurationPlatforms) = preSolution
		Debug|Any CPU = Debug|Any CPU
		Release|Any CPU = Release|Any CPU
	EndGlobalSection
	GlobalSection(ProjectConfigurationPlatforms) = postSolution
		{E8E7FFD0-0EA8-4E23-818F-5BB9442A5ECF}.Debug|Any CPU.ActiveCfg = Debug|Any CPU
		{E8E7FFD0-0EA8-4E23-818F-5BB9442A5ECF}.Debug|Any CPU.Build.0 = Debug|Any CPU
		{E8E7FFD0-0EA8-4E23-818F-5BB9442A5ECF}.Release|Any CPU.ActiveCfg = Release|Any CPU
		{E8E7FFD0-0EA8-4E23-818F-5BB9442A5ECF}.Release|Any CPU.Build.0 = Release|Any CPU
	EndGlobalSection
	GlobalSection(SolutionProperties) = preSolution
		HideSolutionNode = FALSE
	EndGlobalSection
	GlobalSection(ExtensibilityGlobals) = postSolution
		SolutionGuid = {F5A1EF8F-FBC6-4A80-9BCC-3F62023424F3}
	EndGlobalSection
EndGlobal
